
Microsoft Visual Studio Solution File, Format Version 12.00
# Visual Studio 2013
VisualStudioVersion = 12.0.40629.0
MinimumVisualStudioVersion = 10.0.40219.1
Project("{FAE04EC0-301F-11D3-BF4B-00C04F79EFBC}") = "3.Boat-newString", "3.Boat-newString\3.Boat-newString.csproj", "{11D911EE-0F87-4ED8-8C00-E2268A5AF79A}"
EndProject
Project("{FAE04EC0-301F-11D3-BF4B-00C04F79EFBC}") = "4.TextBombardment-75t", "4.TextBombardment\4.TextBombardment-75t.csproj", "{09C93404-10FF-4A48-8B36-ECB9F7CD997D}"
EndProject
Project("{FAE04EC0-301F-11D3-BF4B-00C04F79EFBC}") = "4.TextBombardment-string", "4.TextBombardment-string\4.TextBombardment-string.csproj", "{BF945AD2-DA62-4800-8C37-BC3A3C3CB560}"
EndProject
Project("{FAE04EC0-301F-11D3-BF4B-00C04F79EFBC}") = "2.CheatSheet", "2.CheatSheet\2.CheatSheet.csproj", "{0D5471E2-FDD3-4320-BA3F-C55DF466B737}"
EndProject
Global
	GlobalSection(SolutionConfigurationPlatforms) = preSolution
		Debug|Any CPU = Debug|Any CPU
		Release|Any CPU = Release|Any CPU
	EndGlobalSection
	GlobalSection(ProjectConfigurationPlatforms) = postSolution
		{11D911EE-0F87-4ED8-8C00-E2268A5AF79A}.Debug|Any CPU.ActiveCfg = Debug|Any CPU
		{11D911EE-0F87-4ED8-8C00-E2268A5AF79A}.Debug|Any CPU.Build.0 = Debug|Any CPU
		{11D911EE-0F87-4ED8-8C00-E2268A5AF79A}.Release|Any CPU.ActiveCfg = Release|Any CPU
		{11D911EE-0F87-4ED8-8C00-E2268A5AF79A}.Release|Any CPU.Build.0 = Release|Any CPU
		{09C93404-10FF-4A48-8B36-ECB9F7CD997D}.Debug|Any CPU.ActiveCfg = Debug|Any CPU
		{09C93404-10FF-4A48-8B36-ECB9F7CD997D}.Debug|Any CPU.Build.0 = Debug|Any CPU
		{09C93404-10FF-4A48-8B36-ECB9F7CD997D}.Release|Any CPU.ActiveCfg = Release|Any CPU
		{09C93404-10FF-4A48-8B36-ECB9F7CD997D}.Release|Any CPU.Build.0 = Release|Any CPU
		{BF945AD2-DA62-4800-8C37-BC3A3C3CB560}.Debug|Any CPU.ActiveCfg = Debug|Any CPU
		{BF945AD2-DA62-4800-8C37-BC3A3C3CB560}.Debug|Any CPU.Build.0 = Debug|Any CPU
		{BF945AD2-DA62-4800-8C37-BC3A3C3CB560}.Release|Any CPU.ActiveCfg = Release|Any CPU
		{BF945AD2-DA62-4800-8C37-BC3A3C3CB560}.Release|Any CPU.Build.0 = Release|Any CPU
		{0D5471E2-FDD3-4320-BA3F-C55DF466B737}.Debug|Any CPU.ActiveCfg = Debug|Any CPU
		{0D5471E2-FDD3-4320-BA3F-C55DF466B737}.Debug|Any CPU.Build.0 = Debug|Any CPU
		{0D5471E2-FDD3-4320-BA3F-C55DF466B737}.Release|Any CPU.ActiveCfg = Release|Any CPU
		{0D5471E2-FDD3-4320-BA3F-C55DF466B737}.Release|Any CPU.Build.0 = Release|Any CPU
	EndGlobalSection
	GlobalSection(SolutionProperties) = preSolution
		HideSolutionNode = FALSE
	EndGlobalSection
EndGlobal
