
Microsoft Visual Studio Solution File, Format Version 12.00
# Visual Studio 14
VisualStudioVersion = 14.0.24720.0
MinimumVisualStudioVersion = 10.0.40219.1
Project("{FAE04EC0-301F-11D3-BF4B-00C04F79EFBC}") = "Rotation", "Rotation\Rotation.csproj", "{81B9B629-F84C-4EAC-B3D7-38D59E46E939}"
EndProject
Project("{FAE04EC0-301F-11D3-BF4B-00C04F79EFBC}") = "Statistics", "Statistics\Statistics.csproj", "{C5E59352-0D93-4547-8AC6-CE6137F94DE0}"
EndProject
Global
	GlobalSection(SolutionConfigurationPlatforms) = preSolution
		Debug|Any CPU = Debug|Any CPU
		Release|Any CPU = Release|Any CPU
	EndGlobalSection
	GlobalSection(ProjectConfigurationPlatforms) = postSolution
		{81B9B629-F84C-4EAC-B3D7-38D59E46E939}.Debug|Any CPU.ActiveCfg = Debug|Any CPU
		{81B9B629-F84C-4EAC-B3D7-38D59E46E939}.Debug|Any CPU.Build.0 = Debug|Any CPU
		{81B9B629-F84C-4EAC-B3D7-38D59E46E939}.Release|Any CPU.ActiveCfg = Release|Any CPU
		{81B9B629-F84C-4EAC-B3D7-38D59E46E939}.Release|Any CPU.Build.0 = Release|Any CPU
		{C5E59352-0D93-4547-8AC6-CE6137F94DE0}.Debug|Any CPU.ActiveCfg = Debug|Any CPU
		{C5E59352-0D93-4547-8AC6-CE6137F94DE0}.Debug|Any CPU.Build.0 = Debug|Any CPU
		{C5E59352-0D93-4547-8AC6-CE6137F94DE0}.Release|Any CPU.ActiveCfg = Release|Any CPU
		{C5E59352-0D93-4547-8AC6-CE6137F94DE0}.Release|Any CPU.Build.0 = Release|Any CPU
	EndGlobalSection
	GlobalSection(SolutionProperties) = preSolution
		HideSolutionNode = FALSE
	EndGlobalSection
EndGlobal
