
Microsoft Visual Studio Solution File, Format Version 12.00
# Visual Studio 2013
VisualStudioVersion = 12.0.40629.0
MinimumVisualStudioVersion = 10.0.40219.1
Project("{FAE04EC0-301F-11D3-BF4B-00C04F79EFBC}") = "4.ArrayMatcher", "4.ArrayMatcher\4.ArrayMatcher.csproj", "{6F3BEDFD-AAC0-4498-ACD8-F3E75A943896}"
EndProject
Project("{FAE04EC0-301F-11D3-BF4B-00C04F79EFBC}") = "3.MagicWand", "3.MagicWand\3.MagicWand.csproj", "{B7A1A711-B756-45EF-AD0A-F2F8E6476A6D}"
EndProject
Project("{FAE04EC0-301F-11D3-BF4B-00C04F79EFBC}") = "5.KnightPath", "5.KnightPath\5.KnightPath.csproj", "{2915FA48-77B7-4B75-90C6-0DC8CF07B5A7}"
EndProject
Global
	GlobalSection(SolutionConfigurationPlatforms) = preSolution
		Debug|Any CPU = Debug|Any CPU
		Release|Any CPU = Release|Any CPU
	EndGlobalSection
	GlobalSection(ProjectConfigurationPlatforms) = postSolution
		{6F3BEDFD-AAC0-4498-ACD8-F3E75A943896}.Debug|Any CPU.ActiveCfg = Debug|Any CPU
		{6F3BEDFD-AAC0-4498-ACD8-F3E75A943896}.Debug|Any CPU.Build.0 = Debug|Any CPU
		{6F3BEDFD-AAC0-4498-ACD8-F3E75A943896}.Release|Any CPU.ActiveCfg = Release|Any CPU
		{6F3BEDFD-AAC0-4498-ACD8-F3E75A943896}.Release|Any CPU.Build.0 = Release|Any CPU
		{B7A1A711-B756-45EF-AD0A-F2F8E6476A6D}.Debug|Any CPU.ActiveCfg = Debug|Any CPU
		{B7A1A711-B756-45EF-AD0A-F2F8E6476A6D}.Debug|Any CPU.Build.0 = Debug|Any CPU
		{B7A1A711-B756-45EF-AD0A-F2F8E6476A6D}.Release|Any CPU.ActiveCfg = Release|Any CPU
		{B7A1A711-B756-45EF-AD0A-F2F8E6476A6D}.Release|Any CPU.Build.0 = Release|Any CPU
		{2915FA48-77B7-4B75-90C6-0DC8CF07B5A7}.Debug|Any CPU.ActiveCfg = Debug|Any CPU
		{2915FA48-77B7-4B75-90C6-0DC8CF07B5A7}.Debug|Any CPU.Build.0 = Debug|Any CPU
		{2915FA48-77B7-4B75-90C6-0DC8CF07B5A7}.Release|Any CPU.ActiveCfg = Release|Any CPU
		{2915FA48-77B7-4B75-90C6-0DC8CF07B5A7}.Release|Any CPU.Build.0 = Release|Any CPU
	EndGlobalSection
	GlobalSection(SolutionProperties) = preSolution
		HideSolutionNode = FALSE
	EndGlobalSection
EndGlobal
